
Microsoft Visual Studio Solution File, Format Version 12.00
# Visual Studio 15
VisualStudioVersion = 15.0.26430.6
MinimumVisualStudioVersion = 10.0.40219.1
Project("{8BC9CEB8-8B4A-11D0-8D11-00A0C91BC942}") = "libpapki", "libpapki\libpapki.vcxproj", "{4C5A922F-7E84-4843-A371-AEC49F1066B9}"
EndProject
Project("{8BC9CEB8-8B4A-11D0-8D11-00A0C91BC942}") = "test_FSFile", "test_FSFile\test_FSFile.vcxproj", "{124C6BDE-5BA5-4E3F-A054-AC92843DB265}"
EndProject
Project("{8BC9CEB8-8B4A-11D0-8D11-00A0C91BC942}") = "test_MemoryFile", "test_MemoryFile\test_MemoryFile.vcxproj", "{D8ADC5DD-B536-4A5C-91F4-CC482B127D48}"
EndProject
Global
	GlobalSection(SolutionConfigurationPlatforms) = preSolution
		v140_Debug|x64 = v140_Debug|x64
		v140_Debug|x86 = v140_Debug|x86
		v140_Release|x64 = v140_Release|x64
		v140_Release|x86 = v140_Release|x86
		v141_Debug|x64 = v141_Debug|x64
		v141_Debug|x86 = v141_Debug|x86
		v141_Release|x64 = v141_Release|x64
		v141_Release|x86 = v141_Release|x86
	EndGlobalSection
	GlobalSection(ProjectConfigurationPlatforms) = postSolution
		{4C5A922F-7E84-4843-A371-AEC49F1066B9}.v140_Debug|x64.ActiveCfg = v140_Debug|x64
		{4C5A922F-7E84-4843-A371-AEC49F1066B9}.v140_Debug|x64.Build.0 = v140_Debug|x64
		{4C5A922F-7E84-4843-A371-AEC49F1066B9}.v140_Debug|x86.ActiveCfg = v140_Debug|Win32
		{4C5A922F-7E84-4843-A371-AEC49F1066B9}.v140_Debug|x86.Build.0 = v140_Debug|Win32
		{4C5A922F-7E84-4843-A371-AEC49F1066B9}.v140_Release|x64.ActiveCfg = v140_Release|x64
		{4C5A922F-7E84-4843-A371-AEC49F1066B9}.v140_Release|x64.Build.0 = v140_Release|x64
		{4C5A922F-7E84-4843-A371-AEC49F1066B9}.v140_Release|x86.ActiveCfg = v140_Release|Win32
		{4C5A922F-7E84-4843-A371-AEC49F1066B9}.v140_Release|x86.Build.0 = v140_Release|Win32
		{4C5A922F-7E84-4843-A371-AEC49F1066B9}.v141_Debug|x64.ActiveCfg = v141_Debug|x64
		{4C5A922F-7E84-4843-A371-AEC49F1066B9}.v141_Debug|x64.Build.0 = v141_Debug|x64
		{4C5A922F-7E84-4843-A371-AEC49F1066B9}.v141_Debug|x86.ActiveCfg = v141_Debug|Win32
		{4C5A922F-7E84-4843-A371-AEC49F1066B9}.v141_Debug|x86.Build.0 = v141_Debug|Win32
		{4C5A922F-7E84-4843-A371-AEC49F1066B9}.v141_Release|x64.ActiveCfg = v141_Release|x64
		{4C5A922F-7E84-4843-A371-AEC49F1066B9}.v141_Release|x64.Build.0 = v141_Release|x64
		{4C5A922F-7E84-4843-A371-AEC49F1066B9}.v141_Release|x86.ActiveCfg = v141_Release|Win32
		{4C5A922F-7E84-4843-A371-AEC49F1066B9}.v141_Release|x86.Build.0 = v141_Release|Win32
		{124C6BDE-5BA5-4E3F-A054-AC92843DB265}.v140_Debug|x64.ActiveCfg = v140_Debug|x64
		{124C6BDE-5BA5-4E3F-A054-AC92843DB265}.v140_Debug|x64.Build.0 = v140_Debug|x64
		{124C6BDE-5BA5-4E3F-A054-AC92843DB265}.v140_Debug|x86.ActiveCfg = v140_Debug|Win32
		{124C6BDE-5BA5-4E3F-A054-AC92843DB265}.v140_Debug|x86.Build.0 = v140_Debug|Win32
		{124C6BDE-5BA5-4E3F-A054-AC92843DB265}.v140_Release|x64.ActiveCfg = v140_Release|x64
		{124C6BDE-5BA5-4E3F-A054-AC92843DB265}.v140_Release|x64.Build.0 = v140_Release|x64
		{124C6BDE-5BA5-4E3F-A054-AC92843DB265}.v140_Release|x86.ActiveCfg = v140_Release|Win32
		{124C6BDE-5BA5-4E3F-A054-AC92843DB265}.v140_Release|x86.Build.0 = v140_Release|Win32
		{124C6BDE-5BA5-4E3F-A054-AC92843DB265}.v141_Debug|x64.ActiveCfg = v141_Debug|x64
		{124C6BDE-5BA5-4E3F-A054-AC92843DB265}.v141_Debug|x64.Build.0 = v141_Debug|x64
		{124C6BDE-5BA5-4E3F-A054-AC92843DB265}.v141_Debug|x86.ActiveCfg = v141_Debug|Win32
		{124C6BDE-5BA5-4E3F-A054-AC92843DB265}.v141_Debug|x86.Build.0 = v141_Debug|Win32
		{124C6BDE-5BA5-4E3F-A054-AC92843DB265}.v141_Release|x64.ActiveCfg = v141_Release|x64
		{124C6BDE-5BA5-4E3F-A054-AC92843DB265}.v141_Release|x64.Build.0 = v141_Release|x64
		{124C6BDE-5BA5-4E3F-A054-AC92843DB265}.v141_Release|x86.ActiveCfg = v141_Release|Win32
		{124C6BDE-5BA5-4E3F-A054-AC92843DB265}.v141_Release|x86.Build.0 = v141_Release|Win32
		{D8ADC5DD-B536-4A5C-91F4-CC482B127D48}.v140_Debug|x64.ActiveCfg = v140_Debug|x64
		{D8ADC5DD-B536-4A5C-91F4-CC482B127D48}.v140_Debug|x64.Build.0 = v140_Debug|x64
		{D8ADC5DD-B536-4A5C-91F4-CC482B127D48}.v140_Debug|x86.ActiveCfg = v140_Debug|Win32
		{D8ADC5DD-B536-4A5C-91F4-CC482B127D48}.v140_Debug|x86.Build.0 = v140_Debug|Win32
		{D8ADC5DD-B536-4A5C-91F4-CC482B127D48}.v140_Release|x64.ActiveCfg = v140_Release|x64
		{D8ADC5DD-B536-4A5C-91F4-CC482B127D48}.v140_Release|x64.Build.0 = v140_Release|x64
		{D8ADC5DD-B536-4A5C-91F4-CC482B127D48}.v140_Release|x86.ActiveCfg = v140_Release|Win32
		{D8ADC5DD-B536-4A5C-91F4-CC482B127D48}.v140_Release|x86.Build.0 = v140_Release|Win32
		{D8ADC5DD-B536-4A5C-91F4-CC482B127D48}.v141_Debug|x64.ActiveCfg = v141_Debug|x64
		{D8ADC5DD-B536-4A5C-91F4-CC482B127D48}.v141_Debug|x64.Build.0 = v141_Debug|x64
		{D8ADC5DD-B536-4A5C-91F4-CC482B127D48}.v141_Debug|x86.ActiveCfg = v141_Debug|Win32
		{D8ADC5DD-B536-4A5C-91F4-CC482B127D48}.v141_Debug|x86.Build.0 = v141_Debug|Win32
		{D8ADC5DD-B536-4A5C-91F4-CC482B127D48}.v141_Release|x64.ActiveCfg = v141_Release|x64
		{D8ADC5DD-B536-4A5C-91F4-CC482B127D48}.v141_Release|x64.Build.0 = v141_Release|x64
		{D8ADC5DD-B536-4A5C-91F4-CC482B127D48}.v141_Release|x86.ActiveCfg = v141_Release|Win32
		{D8ADC5DD-B536-4A5C-91F4-CC482B127D48}.v141_Release|x86.Build.0 = v141_Release|Win32
	EndGlobalSection
	GlobalSection(SolutionProperties) = preSolution
		HideSolutionNode = FALSE
	EndGlobalSection
EndGlobal
