// !$*UTF8*$!
{
	archiveVersion = 1;
	classes = {
	};
	objectVersion = 46;
	objects = {

/* Begin PBXBuildFile section */
		2C13C1D31C0F77C900DFAF42 /* main.cpp in Sources */ = {isa = PBXBuildFile; fileRef = 2C13C1D11C0F77C900DFAF42 /* main.cpp */; };
		2C6F90411C0F75E600125E53 /* tests.cpp in Sources */ = {isa = PBXBuildFile; fileRef = 2C6F90401C0F75E600125E53 /* tests.cpp */; };
		2C6F90431C0F75FF00125E53 /* tests.cpp in Sources */ = {isa = PBXBuildFile; fileRef = 2C6F90421C0F75FF00125E53 /* tests.cpp */; };
		2CEEAFF51C0F7511009A9F15 /* Assets.xcassets in Resources */ = {isa = PBXBuildFile; fileRef = 2CEEAFF41C0F7511009A9F15 /* Assets.xcassets */; };
		E1DA7BD6DF0E2995519F829D /* libPods-tests.a in Frameworks */ = {isa = PBXBuildFile; fileRef = 289093EEF1FED6813279AE0F /* libPods-tests.a */; };
/* End PBXBuildFile section */

/* Begin PBXFileReference section */
		289093EEF1FED6813279AE0F /* libPods-tests.a */ = {isa = PBXFileReference; explicitFileType = archive.ar; includeInIndex = 0; path = "libPods-tests.a"; sourceTree = BUILT_PRODUCTS_DIR; };
		2C13C1D11C0F77C900DFAF42 /* main.cpp */ = {isa = PBXFileReference; fileEncoding = 4; lastKnownFileType = sourcecode.cpp.cpp; path = main.cpp; sourceTree = "<group>"; };
		2C6F90401C0F75E600125E53 /* tests.cpp */ = {isa = PBXFileReference; lastKnownFileType = sourcecode.cpp.cpp; name = tests.cpp; path = ../../tests/FSFile/tests.cpp; sourceTree = "<group>"; };
		2C6F90421C0F75FF00125E53 /* tests.cpp */ = {isa = PBXFileReference; lastKnownFileType = sourcecode.cpp.cpp; name = tests.cpp; path = ../../tests/MemoryFile/tests.cpp; sourceTree = "<group>"; };
		2CEEAFE51C0F7511009A9F15 /* tests.app */ = {isa = PBXFileReference; explicitFileType = wrapper.application; includeInIndex = 0; path = tests.app; sourceTree = BUILT_PRODUCTS_DIR; };
		2CEEAFF41C0F7511009A9F15 /* Assets.xcassets */ = {isa = PBXFileReference; lastKnownFileType = folder.assetcatalog; path = Assets.xcassets; sourceTree = "<group>"; };
		2CEEAFF91C0F7511009A9F15 /* Info.plist */ = {isa = PBXFileReference; lastKnownFileType = text.plist.xml; path = Info.plist; sourceTree = "<group>"; };
		AC43F60D909F1968C97F8D29 /* Pods-tests.release.xcconfig */ = {isa = PBXFileReference; includeInIndex = 1; lastKnownFileType = text.xcconfig; name = "Pods-tests.release.xcconfig"; path = "Pods/Target Support Files/Pods-tests/Pods-tests.release.xcconfig"; sourceTree = "<group>"; };
		C02BF0D1DCBE4D6EF4BCB68E /* Pods-tests.debug.xcconfig */ = {isa = PBXFileReference; includeInIndex = 1; lastKnownFileType = text.xcconfig; name = "Pods-tests.debug.xcconfig"; path = "Pods/Target Support Files/Pods-tests/Pods-tests.debug.xcconfig"; sourceTree = "<group>"; };
/* End PBXFileReference section */

/* Begin PBXFrameworksBuildPhase section */
		2CEEAFE21C0F7511009A9F15 /* Frameworks */ = {
			isa = PBXFrameworksBuildPhase;
			buildActionMask = 2147483647;
			files = (
				E1DA7BD6DF0E2995519F829D /* libPods-tests.a in Frameworks */,
			);
			runOnlyForDeploymentPostprocessing = 0;
		};
/* End PBXFrameworksBuildPhase section */

/* Begin PBXGroup section */
		2CEEAFDC1C0F7511009A9F15 = {
			isa = PBXGroup;
			children = (
				2CEEAFE71C0F7511009A9F15 /* tests */,
				2CEEAFE61C0F7511009A9F15 /* Products */,
				7388518D6A096D5077027C45 /* Pods */,
				7FC55249DEE105FF18A28E73 /* Frameworks */,
			);
			sourceTree = "<group>";
		};
		2CEEAFE61C0F7511009A9F15 /* Products */ = {
			isa = PBXGroup;
			children = (
				2CEEAFE51C0F7511009A9F15 /* tests.app */,
			);
			name = Products;
			sourceTree = "<group>";
		};
		2CEEAFE71C0F7511009A9F15 /* tests */ = {
			isa = PBXGroup;
			children = (
				2C13C1D11C0F77C900DFAF42 /* main.cpp */,
				2C6F90421C0F75FF00125E53 /* tests.cpp */,
				2C6F90401C0F75E600125E53 /* tests.cpp */,
				2CEEAFF41C0F7511009A9F15 /* Assets.xcassets */,
				2CEEAFF91C0F7511009A9F15 /* Info.plist */,
				2CEEAFE81C0F7511009A9F15 /* Supporting Files */,
			);
			path = tests;
			sourceTree = "<group>";
		};
		2CEEAFE81C0F7511009A9F15 /* Supporting Files */ = {
			isa = PBXGroup;
			children = (
			);
			name = "Supporting Files";
			sourceTree = "<group>";
		};
		7388518D6A096D5077027C45 /* Pods */ = {
			isa = PBXGroup;
			children = (
				C02BF0D1DCBE4D6EF4BCB68E /* Pods-tests.debug.xcconfig */,
				AC43F60D909F1968C97F8D29 /* Pods-tests.release.xcconfig */,
			);
			name = Pods;
			sourceTree = "<group>";
		};
		7FC55249DEE105FF18A28E73 /* Frameworks */ = {
			isa = PBXGroup;
			children = (
				289093EEF1FED6813279AE0F /* libPods-tests.a */,
			);
			name = Frameworks;
			sourceTree = "<group>";
		};
/* End PBXGroup section */

/* Begin PBXNativeTarget section */
		2CEEAFE41C0F7511009A9F15 /* tests */ = {
			isa = PBXNativeTarget;
			buildConfigurationList = 2CEEAFFC1C0F7511009A9F15 /* Build configuration list for PBXNativeTarget "tests" */;
			buildPhases = (
				05AF0FEB9D4E9EDC097636A7 /* [CP] Check Pods Manifest.lock */,
				2CEEAFE11C0F7511009A9F15 /* Sources */,
				2CEEAFE21C0F7511009A9F15 /* Frameworks */,
				2CEEAFE31C0F7511009A9F15 /* Resources */,
			);
			buildRules = (
			);
			dependencies = (
			);
			name = tests;
			productName = tests;
			productReference = 2CEEAFE51C0F7511009A9F15 /* tests.app */;
			productType = "com.apple.product-type.application";
		};
/* End PBXNativeTarget section */

/* Begin PBXProject section */
		2CEEAFDD1C0F7511009A9F15 /* Project object */ = {
			isa = PBXProject;
			attributes = {
				LastUpgradeCheck = 0710;
				ORGANIZATIONNAME = "Ivan Gagis";
				TargetAttributes = {
					2CEEAFE41C0F7511009A9F15 = {
						CreatedOnToolsVersion = 7.1.1;
					};
				};
			};
			buildConfigurationList = 2CEEAFE01C0F7511009A9F15 /* Build configuration list for PBXProject "tests" */;
			compatibilityVersion = "Xcode 3.2";
			developmentRegion = English;
			hasScannedForEncodings = 0;
			knownRegions = (
				en,
				Base,
			);
			mainGroup = 2CEEAFDC1C0F7511009A9F15;
			productRefGroup = 2CEEAFE61C0F7511009A9F15 /* Products */;
			projectDirPath = "";
			projectRoot = "";
			targets = (
				2CEEAFE41C0F7511009A9F15 /* tests */,
			);
		};
/* End PBXProject section */

/* Begin PBXResourcesBuildPhase section */
		2CEEAFE31C0F7511009A9F15 /* Resources */ = {
			isa = PBXResourcesBuildPhase;
			buildActionMask = 2147483647;
			files = (
				2CEEAFF51C0F7511009A9F15 /* Assets.xcassets in Resources */,
			);
			runOnlyForDeploymentPostprocessing = 0;
		};
/* End PBXResourcesBuildPhase section */

/* Begin PBXShellScriptBuildPhase section */
		05AF0FEB9D4E9EDC097636A7 /* [CP] Check Pods Manifest.lock */ = {
			isa = PBXShellScriptBuildPhase;
			buildActionMask = 2147483647;
			files = (
			);
			inputPaths = (
				"${PODS_PODFILE_DIR_PATH}/Podfile.lock",
				"${PODS_ROOT}/Manifest.lock",
			);
			name = "[CP] Check Pods Manifest.lock";
			outputPaths = (
				"$(DERIVED_FILE_DIR)/Pods-tests-checkManifestLockResult.txt",
			);
			runOnlyForDeploymentPostprocessing = 0;
			shellPath = /bin/sh;
			shellScript = "diff \"${PODS_PODFILE_DIR_PATH}/Podfile.lock\" \"${PODS_ROOT}/Manifest.lock\" > /dev/null\nif [ $? != 0 ] ; then\n    # print error to STDERR\n    echo \"error: The sandbox is not in sync with the Podfile.lock. Run 'pod install' or update your CocoaPods installation.\" >&2\n    exit 1\nfi\n# This output is used by Xcode 'outputs' to avoid re-running this script phase.\necho \"SUCCESS\" > \"${SCRIPT_OUTPUT_FILE_0}\"\n";
			showEnvVarsInLog = 0;
		};
/* End PBXShellScriptBuildPhase section */

/* Begin PBXSourcesBuildPhase section */
		2CEEAFE11C0F7511009A9F15 /* Sources */ = {
			isa = PBXSourcesBuildPhase;
			buildActionMask = 2147483647;
			files = (
				2C13C1D31C0F77C900DFAF42 /* main.cpp in Sources */,
				2C6F90431C0F75FF00125E53 /* tests.cpp in Sources */,
				2C6F90411C0F75E600125E53 /* tests.cpp in Sources */,
			);
			runOnlyForDeploymentPostprocessing = 0;
		};
/* End PBXSourcesBuildPhase section */

/* Begin XCBuildConfiguration section */
		2CEEAFFA1C0F7511009A9F15 /* Debug */ = {
			isa = XCBuildConfiguration;
			buildSettings = {
				ALWAYS_SEARCH_USER_PATHS = NO;
				CLANG_CXX_LANGUAGE_STANDARD = "gnu++0x";
				CLANG_CXX_LIBRARY = "libc++";
				CLANG_ENABLE_MODULES = YES;
				CLANG_ENABLE_OBJC_ARC = YES;
				CLANG_WARN_BOOL_CONVERSION = YES;
				CLANG_WARN_CONSTANT_CONVERSION = YES;
				CLANG_WARN_DIRECT_OBJC_ISA_USAGE = YES_ERROR;
				CLANG_WARN_EMPTY_BODY = YES;
				CLANG_WARN_ENUM_CONVERSION = YES;
				CLANG_WARN_INT_CONVERSION = YES;
				CLANG_WARN_OBJC_ROOT_CLASS = YES_ERROR;
				CLANG_WARN_UNREACHABLE_CODE = YES;
				CLANG_WARN__DUPLICATE_METHOD_MATCH = YES;
				"CODE_SIGN_IDENTITY[sdk=iphoneos*]" = "iPhone Developer";
				COPY_PHASE_STRIP = NO;
				DEBUG_INFORMATION_FORMAT = dwarf;
				ENABLE_STRICT_OBJC_MSGSEND = YES;
				ENABLE_TESTABILITY = YES;
				GCC_C_LANGUAGE_STANDARD = gnu99;
				GCC_DYNAMIC_NO_PIC = NO;
				GCC_NO_COMMON_BLOCKS = YES;
				GCC_OPTIMIZATION_LEVEL = 0;
				GCC_PREPROCESSOR_DEFINITIONS = (
					"DEBUG=1",
					"$(inherited)",
				);
				GCC_WARN_64_TO_32_BIT_CONVERSION = YES;
				GCC_WARN_ABOUT_RETURN_TYPE = YES_ERROR;
				GCC_WARN_UNDECLARED_SELECTOR = YES;
				GCC_WARN_UNINITIALIZED_AUTOS = YES_AGGRESSIVE;
				GCC_WARN_UNUSED_FUNCTION = YES;
				GCC_WARN_UNUSED_VARIABLE = YES;
				IPHONEOS_DEPLOYMENT_TARGET = 9.1;
				MTL_ENABLE_DEBUG_INFO = YES;
				ONLY_ACTIVE_ARCH = YES;
				SDKROOT = iphoneos;
				TARGETED_DEVICE_FAMILY = "1,2";
			};
			name = Debug;
		};
		2CEEAFFB1C0F7511009A9F15 /* Release */ = {
			isa = XCBuildConfiguration;
			buildSettings = {
				ALWAYS_SEARCH_USER_PATHS = NO;
				CLANG_CXX_LANGUAGE_STANDARD = "gnu++0x";
				CLANG_CXX_LIBRARY = "libc++";
				CLANG_ENABLE_MODULES = YES;
				CLANG_ENABLE_OBJC_ARC = YES;
				CLANG_WARN_BOOL_CONVERSION = YES;
				CLANG_WARN_CONSTANT_CONVERSION = YES;
				CLANG_WARN_DIRECT_OBJC_ISA_USAGE = YES_ERROR;
				CLANG_WARN_EMPTY_BODY = YES;
				CLANG_WARN_ENUM_CONVERSION = YES;
				CLANG_WARN_INT_CONVERSION = YES;
				CLANG_WARN_OBJC_ROOT_CLASS = YES_ERROR;
				CLANG_WARN_UNREACHABLE_CODE = YES;
				CLANG_WARN__DUPLICATE_METHOD_MATCH = YES;
				"CODE_SIGN_IDENTITY[sdk=iphoneos*]" = "iPhone Developer";
				COPY_PHASE_STRIP = NO;
				DEBUG_INFORMATION_FORMAT = "dwarf-with-dsym";
				ENABLE_NS_ASSERTIONS = NO;
				ENABLE_STRICT_OBJC_MSGSEND = YES;
				GCC_C_LANGUAGE_STANDARD = gnu99;
				GCC_NO_COMMON_BLOCKS = YES;
				GCC_WARN_64_TO_32_BIT_CONVERSION = YES;
				GCC_WARN_ABOUT_RETURN_TYPE = YES_ERROR;
				GCC_WARN_UNDECLARED_SELECTOR = YES;
				GCC_WARN_UNINITIALIZED_AUTOS = YES_AGGRESSIVE;
				GCC_WARN_UNUSED_FUNCTION = YES;
				GCC_WARN_UNUSED_VARIABLE = YES;
				IPHONEOS_DEPLOYMENT_TARGET = 9.1;
				MTL_ENABLE_DEBUG_INFO = NO;
				SDKROOT = iphoneos;
				TARGETED_DEVICE_FAMILY = "1,2";
				VALIDATE_PRODUCT = YES;
			};
			name = Release;
		};
		2CEEAFFD1C0F7511009A9F15 /* Debug */ = {
			isa = XCBuildConfiguration;
			baseConfigurationReference = C02BF0D1DCBE4D6EF4BCB68E /* Pods-tests.debug.xcconfig */;
			buildSettings = {
				ASSETCATALOG_COMPILER_APPICON_NAME = AppIcon;
				INFOPLIST_FILE = tests/Info.plist;
				LD_RUNPATH_SEARCH_PATHS = "$(inherited) @executable_path/Frameworks";
				PRODUCT_BUNDLE_IDENTIFIER = org.igagis.tests;
				PRODUCT_NAME = "$(TARGET_NAME)";
			};
			name = Debug;
		};
		2CEEAFFE1C0F7511009A9F15 /* Release */ = {
			isa = XCBuildConfiguration;
			baseConfigurationReference = AC43F60D909F1968C97F8D29 /* Pods-tests.release.xcconfig */;
			buildSettings = {
				ASSETCATALOG_COMPILER_APPICON_NAME = AppIcon;
				INFOPLIST_FILE = tests/Info.plist;
				LD_RUNPATH_SEARCH_PATHS = "$(inherited) @executable_path/Frameworks";
				PRODUCT_BUNDLE_IDENTIFIER = org.igagis.tests;
				PRODUCT_NAME = "$(TARGET_NAME)";
			};
			name = Release;
		};
/* End XCBuildConfiguration section */

/* Begin XCConfigurationList section */
		2CEEAFE01C0F7511009A9F15 /* Build configuration list for PBXProject "tests" */ = {
			isa = XCConfigurationList;
			buildConfigurations = (
				2CEEAFFA1C0F7511009A9F15 /* Debug */,
				2CEEAFFB1C0F7511009A9F15 /* Release */,
			);
			defaultConfigurationIsVisible = 0;
			defaultConfigurationName = Release;
		};
		2CEEAFFC1C0F7511009A9F15 /* Build configuration list for PBXNativeTarget "tests" */ = {
			isa = XCConfigurationList;
			buildConfigurations = (
				2CEEAFFD1C0F7511009A9F15 /* Debug */,
				2CEEAFFE1C0F7511009A9F15 /* Release */,
			);
			defaultConfigurationIsVisible = 0;
			defaultConfigurationName = Release;
		};
/* End XCConfigurationList section */
	};
	rootObject = 2CEEAFDD1C0F7511009A9F15 /* Project object */;
}
